ekyu.moe/cryptonight v0.3.0 h1:Ur4LA+koVyo52/G7GF/5QKyVcloXkIQWjsw0vNvSKEA=
ekyu.moe/cryptonight v0.3.0/go.mod h1:ZSoDow0HyP4oPny5lywoY1Szuo4eH+fpZn7J5YRCVBc=
github.com/NginProject/M00N v0.0.0-20181108184447-9a3eac40300a/go.mod h1:bAJcyv1mLcExnPcrp3+5heJyp9pHfp0KfbtoG9zHO1o=
github.com/NginProject/gorelic v0.0.0-20180809112600-635ca6035f23 h1:Sx9D+z+8LAXK+yR1/9lzta1W6s621Dhu+p6N8zbyDlI=
github.com/NginProject/gorelic v0.0.0-20180809112600-635ca6035f23/go.mod h1:/0gt5CME0WHNUZdbhjqsNTeOtr1h759jJnauHjuTXT0=
github.com/NginProject/ngind v0.1.3/go.mod h1:P0+rVZ8vOXIoW4AfHT9SLZX7p+kD0l3irTP3G1ujc4Y=
github.com/NginProject/ngind v0.2.0 h1:c2lB4QPd0gjoYoY0RVE3o0RNqSEHIqc7b3vcMf/w8ZA=
github.com/NginProject/ngind v0.2.0/go.mod h1:6EedjSvyXE6K9yWFpwO/MJ5gdHaCUXMuPO/qvK+p9rE=
github.com/NginProject/sputnikvm-ffi v0.0.0-20180910131407-7b0cdf94d93f/go.mod h1:w7RwXL5jOLo7uffwEpfEoZdUJoSSxWDj6vrB5r+Oxmc=
github.com/StackExchange/wmi v0.0.0-20180725035823-b12b22c5341f/go.mod h1:3eOhrUMpNV+6aFIbp5/iudMxNCF27Vw2OZgy4xEx0Fg=
github.com/aead/skein v0.0.0-20160722084837-9365ae6e95d2 h1:q5TSngwXJdajCyZPQR+eKyRRgI3/ZXC/Nq1ZxZ4Zxu8=
github.com/aead/skein v0.0.0-20160722084837-9365ae6e95d2/go.mod h1:4JBZEId5BaLqvA2DGU53phvwkn2WpeLhNSF79/uKBPs=
github.com/boltdb/bolt v1.3.1/go.mod h1:clJnj/oiGkjum5o1McbSZDSLxVThjynRyGBgiAx27Ps=
github.com/davecgh/go-spew v1.1.0/go.mod h1:J7Y8YcW2NihsgmVo/mv3lAwl/skON4iLHjSsI+c5H38=
github.com/davecgh/go-spew v1.1.1/go.mod h1:J7Y8YcW2NihsgmVo/mv3lAwl/skON4iLHjSsI+c5H38=
github.com/dchest/blake256 v1.0.0 h1:6gUgI5MHdz9g0TdrgKqXsoDX+Zjxmm1Sc6OsoGru50I=
github.com/dchest/blake256 v1.0.0/go.mod h1:xXNWCE1jsAP8DAjP+rKw2MbeqLczjI3TRx2VK+9OEYY=
github.com/denisbrodbeck/machineid v1.0.0 h1:6tMg1EaB3r/EfIqKS0on/pvkRBZJAXH3fmSLGi8SWf0=
github.com/denisbrodbeck/machineid v1.0.0/go.mod h1:dJUwb7PTidGDeYyUBmXZ2GphQBbjJCrnectwCyxcUSI=
github.com/ethereum/go-ethereum v1.8.27 h1:d+gkiLaBDk5fn3Pe/xNVaMrB/ozI+AUB2IlVBp29IrY=
github.com/ethereum/go-ethereum v1.8.27/go.mod h1:PwpWDrCLZrV+tfrhqqF6kPknbISMHaJv9Ln3kPCZLwY=
github.com/ethereumproject/benchmark v0.0.0-20180113190147-8eff34efba25/go.mod h1:YiSza/iCwF4jZK5euftNHCef3jwbxZAw5pogH05EuDg=
github.com/fatih/color v1.7.0/go.mod h1:Zm6kSWBoL9eyXnKyktHP6abPY2pDugNf5KwzbycvMj4=
github.com/fsnotify/fsnotify v1.4.7/go.mod h1:jwhsz4b93w/PPRr/qN1Yymfu8t87LnFCMoQvtojpjFo=
github.com/gizak/termui v2.2.0+incompatible/go.mod h1:PkJoWUt/zacQKysNfQtcw1RW+eK2SxkieVBtl+4ovLA=
github.com/go-ole/go-ole v1.2.1/go.mod h1:7FAglXiTm7HKlQRDeOQ6ZNUHidzCWXuZWq/1dTyBNF8=
github.com/golang/protobuf v1.2.0/go.mod h1:6lQm79b+lXiMfvg/cZm0SGofjICqVBUtrP5yJMmIC1U=
github.com/golang/snappy v0.0.0-20180518054509-2e65f85255db/go.mod h1:/XxbfmMg8lxefKM7IXC3fBNl/7bRcc72aCRzEWrmP2Q=
github.com/gorilla/mux v1.7.2 h1:zoNxOV7WjqXptQOVngLmcSQgXmgk4NMz1HibBchjl/I=
github.com/gorilla/mux v1.7.2/go.mod h1:1lud6UwP+6orDFRuTfBEV8e9/aOM/c4fVVCaMa2zaAs=
github.com/hashicorp/golang-lru v0.5.0/go.mod h1:/m3WP610KZHVQ1SGc6re/UDhFvYD7pJ4Ao+sR/qLZy8=
github.com/hpcloud/tail v1.0.0/go.mod h1:ab1qPbhIpdTxEkNHXyeSf5vhxWSCs/tWer42PpOxQnU=
github.com/huin/goupnp v0.0.0-20180415215157-1395d1447324/go.mod h1:MZ2ZmwcBpvOoJ22IJsc7va19ZwoheaBk43rKg12SKag=
github.com/huin/goupnp v1.0.0/go.mod h1:n9v9KO1tAxYH82qOn+UTIFQDmx5n1Zxd/ClZDMX7Bnc=
github.com/huin/goutil v0.0.0-20170803182201-1ca381bf3150/go.mod h1:PpLOETDnJ0o3iZrZfqZzyLl6l7F3c6L1oWn7OICBi6o=
github.com/ianlancetaylor/demangle v0.0.0-20180714043527-fcd258a6f0b4/go.mod h1:aSSvb/t6k1mPoxDqO4vJh6VOCGPwU4O0C2/Eqndh1Sc=
github.com/ianlancetaylor/demangle v0.0.0-20181102032728-5e5cf60278f6/go.mod h1:aSSvb/t6k1mPoxDqO4vJh6VOCGPwU4O0C2/Eqndh1Sc=
github.com/jackpal/go-nat-pmp v1.0.1/go.mod h1:QPH045xvCAeXUZOxsnwmrtiCoxIr9eob+4orBN1SBKc=
github.com/kr/pretty v0.1.0/go.mod h1:dAy3ld7l9f0ibDNOQOHHMYYIIbhfbHSm3C4ZsoJORNo=
github.com/kr/pty v1.1.1/go.mod h1:pFQYn66WHrOpPYNljwOMqo10TkYh1fy3cYio2l3bCsQ=
github.com/kr/text v0.1.0/go.mod h1:4Jbv+DJW3UT/LiOwJeYQe1efqtUx/iVham/4vfdArNI=
github.com/mailru/easyjson v0.0.0-20180823135443-60711f1a8329/go.mod h1:C1wdFJiN94OJF2b5HbByQZoLdCWB1Yqtg26g4irojpc=
github.com/maruel/panicparse v1.1.1/go.mod h1:nty42YY5QByNC5MM7q/nj938VbgPU7avs45z6NClpxI=
github.com/mattn/go-colorable v0.0.9/go.mod h1:9vuHe8Xs5qXnSaW/c/ABM9alt+Vo+STaOChaDxuIBZU=
github.com/mattn/go-isatty v0.0.4/go.mod h1:M+lRXTBqGeGNdLjl/ufCoiOlB5xdOkqRJdNxMWT7Zi4=
github.com/mattn/go-runewidth v0.0.3/go.mod h1:LwmH8dsx7+W8Uxz3IHJYH5QSwggIsqBzpuz5H//U1FU=
github.com/microsoft/go-winio v0.4.5/go.mod h1:kcIxxtKZE55DEncT/EOvFiygPobhUWpSDqDb47poQOU=
github.com/microsoft/go-winio v0.4.11/go.mod h1:kcIxxtKZE55DEncT/EOvFiygPobhUWpSDqDb47poQOU=
github.com/mitchellh/go-wordwrap v1.0.0/go.mod h1:ZXFpozHsX6DPmq2I0TCekCxypsnAUbP2oI0UX1GXzOo=
github.com/nsf/termbox-go v0.0.0-20180819125858-b66b20ab708e/go.mod h1:IuKpRQcYE1Tfu+oAQqaLisqDeXgjyyltCfsaoYN18NQ=
github.com/nsf/termbox-go v0.0.0-20181027232701-60ab7e3d12ed/go.mod h1:IuKpRQcYE1Tfu+oAQqaLisqDeXgjyyltCfsaoYN18NQ=
github.com/onsi/ginkgo v1.6.0/go.mod h1:lLunBs/Ym6LB5Z9jYTR76FiuTmxDTDusOGeTQH+WWjE=
github.com/onsi/gomega v1.4.1/go.mod h1:C1qb7wdrVGGVU+Z6iS04AVkA3Q65CEZX59MT0QO5uiA=
github.com/onsi/gomega v1.4.2/go.mod h1:ex+gbHU/CVuBBDIJjb2X0qEXbFg53c61hWP/1CpauHY=
github.com/peterh/liner v1.1.0/go.mod h1:CRroGNssyjTd/qIG2FyxByd2S8JEAZXBl4qUrZf8GS0=
github.com/pmezard/go-difflib v1.0.0/go.mod h1:iKH77koFhYxTK1pcRnkKkqfTogsbg7gZNVY4sRDYZ/4=
github.com/rcrowley/go-metrics v0.0.0-20180503174638-e2704e165165/go.mod h1:bCqnVzQkZxMG4s8nGwiZ5l3QUCyqpo9Y+/ZMZ9VjZe4=
github.com/rcrowley/go-metrics v0.0.0-20181016184325-3113b8401b8a/go.mod h1:bCqnVzQkZxMG4s8nGwiZ5l3QUCyqpo9Y+/ZMZ9VjZe4=
github.com/rjeczalik/notify v0.0.0-20180203140115-c31e5f2cb22b/go.mod h1:rKwnCoCGeuQnwBtTSPL9Dad03Vh2n40ePRrjvIXnJho=
github.com/rjeczalik/notify v0.9.2/go.mod h1:aErll2f0sUX9PXZnVNyeiObbmTlk5jnMoCa4QEjJeqM=
github.com/robertkrimen/otto v0.0.0-20180617131154-15f95af6e78d/go.mod h1:xvqspoSXJTIpemEonrMDFq6XzwHYYgToXWj5eRX1OtY=
github.com/rs/cors v0.0.0-20170727213201-7af7a1e09ba3/go.mod h1:gFx+x8UowdsKA9AchylcLynDq+nNFfI8FkUZdN/jGCU=
github.com/rs/cors v1.6.0/go.mod h1:gFx+x8UowdsKA9AchylcLynDq+nNFfI8FkUZdN/jGCU=
github.com/spf13/afero v1.1.1/go.mod h1:j4pytiNVoe2o6bmDsKpLACNPDBIoEAkihy7loJ1B0CQ=
github.com/spf13/afero v1.1.2/go.mod h1:j4pytiNVoe2o6bmDsKpLACNPDBIoEAkihy7loJ1B0CQ=
github.com/stamblerre/gocode v0.0.0-20181212030458-2f9d39d8f31d/go.mod h1:EM2T8YDoTCvGXbEpFHxarbpv7VE26QD1++Cb1Pbh7Gs=
github.com/stretchr/objx v0.1.0/go.mod h1:HFkY916IF+rwdDfMAkV7OtwuqBVzrE8GR6GFx+wExME=
github.com/stretchr/testify v1.2.2/go.mod h1:a8OnRcib4nhh0OaRAV+Yts87kKdq0PP7pXfy6kDkUVs=
github.com/stretchr/testify v1.3.0/go.mod h1:M5WIy9Dh21IEIfnGCwXGc5bZfKNJtfHm1UVUgZn+9EI=
github.com/syndtr/goleveldb v0.0.0-20180815032940-ae2bd5eed72d/go.mod h1:Z4AUp2Km+PwemOoO/VB5AOx9XSsIItzFjoJlOSiYmn0=
github.com/syndtr/goleveldb v0.0.0-20181105012736-f9080354173f/go.mod h1:Z4AUp2Km+PwemOoO/VB5AOx9XSsIItzFjoJlOSiYmn0=
github.com/yvasiyarov/go-metrics v0.0.0-20150112132944-c25f46c4b940 h1:p7OofyZ509h8DmPLh8Hn+EIIZm/xYhdZHJ9GnXHdr6U=
github.com/yvasiyarov/go-metrics v0.0.0-20150112132944-c25f46c4b940/go.mod h1:aX5oPXxHm3bOH+xeAttToC8pqch2ScQN/JoXYupl6xs=
github.com/yvasiyarov/gorelic v0.0.1 h1:tQfsTzdBJh7SACDKgBj2DomO0BsNGPu4bnSQayou5GU=
github.com/yvasiyarov/gorelic v0.0.1/go.mod h1:NUSPSUX/bi6SeDMUh6brw0nXpxHnc96TguQh0+r/ssA=
github.com/yvasiyarov/gorelic v0.0.2 h1:vkBwl2sn50/KY9cgiJ0qiew4RTtlE4lQ1wtxY5aEKW0=
github.com/yvasiyarov/gorelic v0.0.2/go.mod h1:NUSPSUX/bi6SeDMUh6brw0nXpxHnc96TguQh0+r/ssA=
github.com/yvasiyarov/gorelic v0.0.4 h1:WxTLIZSxJ4bin7nwHPDClEJODZjBnr7yKupw2Mi/9rE=
github.com/yvasiyarov/gorelic v0.0.4/go.mod h1:NUSPSUX/bi6SeDMUh6brw0nXpxHnc96TguQh0+r/ssA=
github.com/yvasiyarov/gorelic v0.0.5 h1:Kx2Uz/YBHKb0HUxw4x1jGf+vdo2VOlRS+2v8N6zjVIw=
github.com/yvasiyarov/gorelic v0.0.5/go.mod h1:NUSPSUX/bi6SeDMUh6brw0nXpxHnc96TguQh0+r/ssA=
github.com/yvasiyarov/gorelic v0.0.6 h1:qMJQYPNdtJ7UNYHjX38KXZtltKTqimMuoQjNnSVIuJg=
github.com/yvasiyarov/gorelic v0.0.6/go.mod h1:NUSPSUX/bi6SeDMUh6brw0nXpxHnc96TguQh0+r/ssA=
github.com/yvasiyarov/newrelic_platform_go v0.0.0-20160601141957-9c099fbc30e9 h1:AsFN8kXcCVkUFHyuzp1FtYbzp1nCO/H6+1uPSGEyPzM=
github.com/yvasiyarov/newrelic_platform_go v0.0.0-20160601141957-9c099fbc30e9/go.mod h1:GlGEuHIJweS1mbCqG+7vt2nvWLzLLnRHbXz5JKd/Qbg=
golang.org/x/crypto v0.0.0-20180904163835-0709b304e793/go.mod h1:6SG95UA2DQfeDnfUPMdvaQW0Q7yPrPDi9nlGo2tz2b4=
golang.org/x/crypto v0.0.0-20190308221718-c2843e01d9a2/go.mod h1:djNgcEr1/C05ACkg1iLfiJU5Ep61QUkGW8qpdssI0+w=
golang.org/x/crypto v0.0.0-20190611184440-5c40567a22f8 h1:1wopBVtVdWnn03fZelqdXTqk7U7zPQCb+T4rbU9ZEoU=
golang.org/x/crypto v0.0.0-20190611184440-5c40567a22f8/go.mod h1:yigFU9vqHzYiE8UmvKecakEJjdnWj3jj499lnFckfCI=
golang.org/x/net v0.0.0-20180826012351-8a410e7b638d/go.mod h1:mL1N/T3taQHkDXs73rZJwtUhF3w3ftmwwsq0BUmARs4=
golang.org/x/net v0.0.0-20180906233101-161cd47e91fd/go.mod h1:mL1N/T3taQHkDXs73rZJwtUhF3w3ftmwwsq0BUmARs4=
golang.org/x/net v0.0.0-20181011144130-49bb7cea24b1/go.mod h1:mL1N/T3taQHkDXs73rZJwtUhF3w3ftmwwsq0BUmARs4=
golang.org/x/net v0.0.0-20190404232315-eb5bcb51f2a3/go.mod h1:t9HGtf8HONx5eT2rtn7q6eTqICYqUVnKs3thJo3Qplg=
golang.org/x/sync v0.0.0-20180314180146-1d60e4601c6f/go.mod h1:RxMgew5VJxzue5/jJTE5uejpjVlOe/izrB70Jof72aM=
golang.org/x/sys v0.0.0-20180816055513-1c9583448a9c/go.mod h1:STP8DvDyc/dI5b8T5hshtkjS+E42TnysNCUPdjciGhY=
golang.org/x/sys v0.0.0-20180906133057-8cf3aee42992/go.mod h1:STP8DvDyc/dI5b8T5hshtkjS+E42TnysNCUPdjciGhY=
golang.org/x/sys v0.0.0-20180909124046-d0be0721c37e/go.mod h1:STP8DvDyc/dI5b8T5hshtkjS+E42TnysNCUPdjciGhY=
golang.org/x/sys v0.0.0-20180926160741-c2ed4eda69e7/go.mod h1:STP8DvDyc/dI5b8T5hshtkjS+E42TnysNCUPdjciGhY=
golang.org/x/sys v0.0.0-20190215142949-d0b11bdaac8a/go.mod h1:STP8DvDyc/dI5b8T5hshtkjS+E42TnysNCUPdjciGhY=
golang.org/x/sys v0.0.0-20190412213103-97732733099d h1:+R4KGOnez64A81RvjARKc4UT5/tI9ujCIVX+P5KiHuI=
golang.org/x/sys v0.0.0-20190412213103-97732733099d/go.mod h1:h1NjWce9XRLGQEsW7wpKNCjG9DtNlClVuFLEZdDNbEs=
golang.org/x/text v0.3.0/go.mod h1:NqM8EUOU14njkJ3fqMW+pc6Ldnwhi/IjpwHt7yyuwOQ=
golang.org/x/tools v0.0.0-20180904205237-0aa4b8830f48/go.mod h1:n7NCudcB/nEzxVGmLbDWY5pfWTLqBcC2KZ6jyYvM4mQ=
gopkg.in/bsm/ratelimit.v1 v1.0.0-20160220154919-db14e161995a h1:stTHdEoWg1pQ8riaP5ROrjS6zy6wewH/Q2iwnLCQUXY=
gopkg.in/bsm/ratelimit.v1 v1.0.0-20160220154919-db14e161995a/go.mod h1:KF9sEfUPAXdG8Oev9e99iLGnl2uJMjc5B+4y3O7x610=
gopkg.in/check.v1 v0.0.0-20161208181325-20d25e280405/go.mod h1:Co6ibVJAznAaIkqp8huTwlJQCZ016jof/cbN4VW5Yz0=
gopkg.in/check.v1 v1.0.0-20180628173108-788fd7840127/go.mod h1:Co6ibVJAznAaIkqp8huTwlJQCZ016jof/cbN4VW5Yz0=
gopkg.in/fatih/set.v0 v0.1.0/go.mod h1:5eLWEndGL4zGGemXWrKuts+wTJR0y+w+auqUJZbmyBg=
gopkg.in/fsnotify.v1 v1.4.7/go.mod h1:Tz8NjZHkW78fSQdbUxIjBTcgA1z1m8ZHf0WmKUhAMys=
gopkg.in/karalabe/cookiejar.v2 v2.0.0-20150724131613-8dcd6a7f4951/go.mod h1:owOxCRGGeAx1uugABik6K9oeNu1cgxP/R9ItzLDxNWA=
gopkg.in/redis.v3 v3.6.4 h1:u7XgPH1rWwsdZnR+azldXC6x9qDU2luydOIeU/l52fE=
gopkg.in/redis.v3 v3.6.4/go.mod h1:6XeGv/CrsUFDU9aVbUdNykN7k1zVmoeg83KC9RbQfiU=
gopkg.in/sourcemap.v1 v1.0.5/go.mod h1:2RlvNNSMglmRrcvhfuzp4hQHwOtjxlbjX7UPY/GXb78=
gopkg.in/tomb.v1 v1.0.0-20141024135613-dd632973f1e7/go.mod h1:dt/ZhP58zS4L8KSrWDmTeBkI65Dw0HsyUHuEVlX15mw=
gopkg.in/urfave/cli.v1 v1.17.0/go.mod h1:vuBzUtMdQeixQj8LVd+/98pzhxNGQoyuPBlsXHOQNO0=
gopkg.in/yaml.v2 v2.2.1/go.mod h1:hI93XBmqTisBFMUTm0b8Fm+jr3Dg1NNxqwp+5A1VGuI=
